
Microsoft Visual Studio Solution File, Format Version 12.00
# Visual Studio 2012
Project("{FAE04EC0-301F-11D3-BF4B-00C04F79EFBC}") = "BlobDefense", "BlobDefense.csproj", "{D59460D6-2CD8-46F1-855C-FAF60B9C06CF}"
EndProject
Project("{FAE04EC0-301F-11D3-BF4B-00C04F79EFBC}") = "MapMaker", "..\MapMaker\MapMaker.csproj", "{01CC6B63-9D65-4C3F-974E-FD1D8B1F2289}"
EndProject
Project("{FAE04EC0-301F-11D3-BF4B-00C04F79EFBC}") = "AStar", "..\AStar\AStar.csproj", "{78E159E7-ABF9-4AD8-AA56-0D2F2AB421CC}"
EndProject
Global
	GlobalSection(SolutionConfigurationPlatforms) = preSolution
		Debug|Any CPU = Debug|Any CPU
		Release|Any CPU = Release|Any CPU
	EndGlobalSection
	GlobalSection(ProjectConfigurationPlatforms) = postSolution
		{D59460D6-2CD8-46F1-855C-FAF60B9C06CF}.Debug|Any CPU.ActiveCfg = Debug|Any CPU
		{D59460D6-2CD8-46F1-855C-FAF60B9C06CF}.Debug|Any CPU.Build.0 = Debug|Any CPU
		{D59460D6-2CD8-46F1-855C-FAF60B9C06CF}.Release|Any CPU.ActiveCfg = Release|Any CPU
		{D59460D6-2CD8-46F1-855C-FAF60B9C06CF}.Release|Any CPU.Build.0 = Release|Any CPU
		{01CC6B63-9D65-4C3F-974E-FD1D8B1F2289}.Debug|Any CPU.ActiveCfg = Debug|Any CPU
		{01CC6B63-9D65-4C3F-974E-FD1D8B1F2289}.Debug|Any CPU.Build.0 = Debug|Any CPU
		{01CC6B63-9D65-4C3F-974E-FD1D8B1F2289}.Release|Any CPU.ActiveCfg = Release|Any CPU
		{01CC6B63-9D65-4C3F-974E-FD1D8B1F2289}.Release|Any CPU.Build.0 = Release|Any CPU
		{78E159E7-ABF9-4AD8-AA56-0D2F2AB421CC}.Debug|Any CPU.ActiveCfg = Debug|Any CPU
		{78E159E7-ABF9-4AD8-AA56-0D2F2AB421CC}.Debug|Any CPU.Build.0 = Debug|Any CPU
		{78E159E7-ABF9-4AD8-AA56-0D2F2AB421CC}.Release|Any CPU.ActiveCfg = Release|Any CPU
		{78E159E7-ABF9-4AD8-AA56-0D2F2AB421CC}.Release|Any CPU.Build.0 = Release|Any CPU
	EndGlobalSection
	GlobalSection(SolutionProperties) = preSolution
		HideSolutionNode = FALSE
	EndGlobalSection
EndGlobal
